
Microsoft Visual Studio Solution File, Format Version 12.00
# Visual Studio 2012
Project("{FAE04EC0-301F-11D3-BF4B-00C04F79EFBC}") = "Svekla", "HermaeusMora\Svekla.csproj", "{69DD6775-99ED-4C82-9C69-618EB1C25A64}"
EndProject
Project("{FAE04EC0-301F-11D3-BF4B-00C04F79EFBC}") = "Svekla_Sandbox", "HermaeusMora_Sandbox\Svekla_Sandbox.csproj", "{FCCCF3D9-72B5-44A2-9247-2474E0699389}"
EndProject
Project("{FAE04EC0-301F-11D3-BF4B-00C04F79EFBC}") = "ObjectListView2010", "ObjectListView\ObjectListView2010.csproj", "{18FEDA0C-D147-4286-B39A-01204808106A}"
EndProject
Project("{FAE04EC0-301F-11D3-BF4B-00C04F79EFBC}") = "ServiceStack.Redis", "ServiceStack.Redis\ServiceStack.Redis.csproj", "{AF99F19B-4C04-4F58-81EF-B092F1FCC540}"
EndProject
Global
	GlobalSection(SolutionConfigurationPlatforms) = preSolution
		Debug|Any CPU = Debug|Any CPU
		Debug|x86 = Debug|x86
		MonoTouch|Any CPU = MonoTouch|Any CPU
		MonoTouch|x86 = MonoTouch|x86
		Release|Any CPU = Release|Any CPU
		Release|x86 = Release|x86
		STATIC_ONLY NO_EXPRESSIONS|Any CPU = STATIC_ONLY NO_EXPRESSIONS|Any CPU
		STATIC_ONLY NO_EXPRESSIONS|x86 = STATIC_ONLY NO_EXPRESSIONS|x86
	EndGlobalSection
	GlobalSection(ProjectConfigurationPlatforms) = postSolution
		{18FEDA0C-D147-4286-B39A-01204808106A}.Debug|Any CPU.ActiveCfg = Debug|Any CPU
		{18FEDA0C-D147-4286-B39A-01204808106A}.Debug|Any CPU.Build.0 = Debug|Any CPU
		{18FEDA0C-D147-4286-B39A-01204808106A}.Debug|x86.ActiveCfg = Debug|Any CPU
		{18FEDA0C-D147-4286-B39A-01204808106A}.MonoTouch|Any CPU.ActiveCfg = Release|Any CPU
		{18FEDA0C-D147-4286-B39A-01204808106A}.MonoTouch|Any CPU.Build.0 = Release|Any CPU
		{18FEDA0C-D147-4286-B39A-01204808106A}.MonoTouch|x86.ActiveCfg = Release|Any CPU
		{18FEDA0C-D147-4286-B39A-01204808106A}.Release|Any CPU.ActiveCfg = Release|Any CPU
		{18FEDA0C-D147-4286-B39A-01204808106A}.Release|Any CPU.Build.0 = Release|Any CPU
		{18FEDA0C-D147-4286-B39A-01204808106A}.Release|x86.ActiveCfg = Release|Any CPU
		{18FEDA0C-D147-4286-B39A-01204808106A}.STATIC_ONLY NO_EXPRESSIONS|Any CPU.ActiveCfg = Release|Any CPU
		{18FEDA0C-D147-4286-B39A-01204808106A}.STATIC_ONLY NO_EXPRESSIONS|Any CPU.Build.0 = Release|Any CPU
		{18FEDA0C-D147-4286-B39A-01204808106A}.STATIC_ONLY NO_EXPRESSIONS|x86.ActiveCfg = Release|Any CPU
		{69DD6775-99ED-4C82-9C69-618EB1C25A64}.Debug|Any CPU.ActiveCfg = Debug|Any CPU
		{69DD6775-99ED-4C82-9C69-618EB1C25A64}.Debug|Any CPU.Build.0 = Debug|Any CPU
		{69DD6775-99ED-4C82-9C69-618EB1C25A64}.Debug|x86.ActiveCfg = Debug|Any CPU
		{69DD6775-99ED-4C82-9C69-618EB1C25A64}.MonoTouch|Any CPU.ActiveCfg = Release|Any CPU
		{69DD6775-99ED-4C82-9C69-618EB1C25A64}.MonoTouch|Any CPU.Build.0 = Release|Any CPU
		{69DD6775-99ED-4C82-9C69-618EB1C25A64}.MonoTouch|x86.ActiveCfg = Release|Any CPU
		{69DD6775-99ED-4C82-9C69-618EB1C25A64}.Release|Any CPU.ActiveCfg = Release|Any CPU
		{69DD6775-99ED-4C82-9C69-618EB1C25A64}.Release|Any CPU.Build.0 = Release|Any CPU
		{69DD6775-99ED-4C82-9C69-618EB1C25A64}.Release|x86.ActiveCfg = Release|Any CPU
		{69DD6775-99ED-4C82-9C69-618EB1C25A64}.STATIC_ONLY NO_EXPRESSIONS|Any CPU.ActiveCfg = Release|Any CPU
		{69DD6775-99ED-4C82-9C69-618EB1C25A64}.STATIC_ONLY NO_EXPRESSIONS|Any CPU.Build.0 = Release|Any CPU
		{69DD6775-99ED-4C82-9C69-618EB1C25A64}.STATIC_ONLY NO_EXPRESSIONS|x86.ActiveCfg = Release|Any CPU
		{AF99F19B-4C04-4F58-81EF-B092F1FCC540}.Debug|Any CPU.ActiveCfg = Debug|Any CPU
		{AF99F19B-4C04-4F58-81EF-B092F1FCC540}.Debug|Any CPU.Build.0 = Debug|Any CPU
		{AF99F19B-4C04-4F58-81EF-B092F1FCC540}.Debug|x86.ActiveCfg = Debug|x86
		{AF99F19B-4C04-4F58-81EF-B092F1FCC540}.Debug|x86.Build.0 = Debug|x86
		{AF99F19B-4C04-4F58-81EF-B092F1FCC540}.MonoTouch|Any CPU.ActiveCfg = MonoTouch|Any CPU
		{AF99F19B-4C04-4F58-81EF-B092F1FCC540}.MonoTouch|Any CPU.Build.0 = MonoTouch|Any CPU
		{AF99F19B-4C04-4F58-81EF-B092F1FCC540}.MonoTouch|x86.ActiveCfg = MonoTouch|x86
		{AF99F19B-4C04-4F58-81EF-B092F1FCC540}.MonoTouch|x86.Build.0 = MonoTouch|x86
		{AF99F19B-4C04-4F58-81EF-B092F1FCC540}.Release|Any CPU.ActiveCfg = Release|Any CPU
		{AF99F19B-4C04-4F58-81EF-B092F1FCC540}.Release|Any CPU.Build.0 = Release|Any CPU
		{AF99F19B-4C04-4F58-81EF-B092F1FCC540}.Release|x86.ActiveCfg = Release|x86
		{AF99F19B-4C04-4F58-81EF-B092F1FCC540}.Release|x86.Build.0 = Release|x86
		{AF99F19B-4C04-4F58-81EF-B092F1FCC540}.STATIC_ONLY NO_EXPRESSIONS|Any CPU.ActiveCfg = STATIC_ONLY NO_EXPRESSIONS|Any CPU
		{AF99F19B-4C04-4F58-81EF-B092F1FCC540}.STATIC_ONLY NO_EXPRESSIONS|Any CPU.Build.0 = STATIC_ONLY NO_EXPRESSIONS|Any CPU
		{AF99F19B-4C04-4F58-81EF-B092F1FCC540}.STATIC_ONLY NO_EXPRESSIONS|x86.ActiveCfg = STATIC_ONLY NO_EXPRESSIONS|x86
		{AF99F19B-4C04-4F58-81EF-B092F1FCC540}.STATIC_ONLY NO_EXPRESSIONS|x86.Build.0 = STATIC_ONLY NO_EXPRESSIONS|x86
		{FCCCF3D9-72B5-44A2-9247-2474E0699389}.Debug|Any CPU.ActiveCfg = Debug|Any CPU
		{FCCCF3D9-72B5-44A2-9247-2474E0699389}.Debug|Any CPU.Build.0 = Debug|Any CPU
		{FCCCF3D9-72B5-44A2-9247-2474E0699389}.Debug|x86.ActiveCfg = Debug|Any CPU
		{FCCCF3D9-72B5-44A2-9247-2474E0699389}.MonoTouch|Any CPU.ActiveCfg = Release|Any CPU
		{FCCCF3D9-72B5-44A2-9247-2474E0699389}.MonoTouch|Any CPU.Build.0 = Release|Any CPU
		{FCCCF3D9-72B5-44A2-9247-2474E0699389}.MonoTouch|x86.ActiveCfg = Release|Any CPU
		{FCCCF3D9-72B5-44A2-9247-2474E0699389}.Release|Any CPU.ActiveCfg = Release|Any CPU
		{FCCCF3D9-72B5-44A2-9247-2474E0699389}.Release|Any CPU.Build.0 = Release|Any CPU
		{FCCCF3D9-72B5-44A2-9247-2474E0699389}.Release|x86.ActiveCfg = Release|Any CPU
		{FCCCF3D9-72B5-44A2-9247-2474E0699389}.STATIC_ONLY NO_EXPRESSIONS|Any CPU.ActiveCfg = Release|Any CPU
		{FCCCF3D9-72B5-44A2-9247-2474E0699389}.STATIC_ONLY NO_EXPRESSIONS|Any CPU.Build.0 = Release|Any CPU
		{FCCCF3D9-72B5-44A2-9247-2474E0699389}.STATIC_ONLY NO_EXPRESSIONS|x86.ActiveCfg = Release|Any CPU
	EndGlobalSection
	GlobalSection(SolutionProperties) = preSolution
		HideSolutionNode = FALSE
	EndGlobalSection
EndGlobal
